
Microsoft Visual Studio Solution File, Format Version 12.00
# Visual Studio Version 17
VisualStudioVersion = 17.0.31903.59
MinimumVisualStudioVersion = 10.0.40219.1
Project("{9A19103F-16F7-4668-BE54-9A1E7A4F7556}") = "BlogPostApi", "BlogPostApi\BlogPostApi.csproj", "{8E96DFE1-6305-4B3C-BB4A-A2E5E8B3B256}"
EndProject
Project("{FAE04EC0-301F-11D3-BF4B-00C04F79EFBC}") = "BlogPostApplication", "BlogPostApplication\BlogPostApplication.csproj", "{23144EEA-FF92-4E24-8FCC-9409D08D7B43}"
EndProject
Project("{FAE04EC0-301F-11D3-BF4B-00C04F79EFBC}") = "BlogPostApplication.IntegrationTests", "BlogPostApplication.IntegrationTests\BlogPostApplication.IntegrationTests.csproj", "{F6C54528-3C5E-46EE-BCCF-48E272E4E65E}"
EndProject
Global
	GlobalSection(SolutionConfigurationPlatforms) = preSolution
		Debug|Any CPU = Debug|Any CPU
		Release|Any CPU = Release|Any CPU
	EndGlobalSection
	GlobalSection(ProjectConfigurationPlatforms) = postSolution
		{8E96DFE1-6305-4B3C-BB4A-A2E5E8B3B256}.Debug|Any CPU.ActiveCfg = Debug|Any CPU
		{8E96DFE1-6305-4B3C-BB4A-A2E5E8B3B256}.Debug|Any CPU.Build.0 = Debug|Any CPU
		{8E96DFE1-6305-4B3C-BB4A-A2E5E8B3B256}.Release|Any CPU.ActiveCfg = Release|Any CPU
		{8E96DFE1-6305-4B3C-BB4A-A2E5E8B3B256}.Release|Any CPU.Build.0 = Release|Any CPU
		{23144EEA-FF92-4E24-8FCC-9409D08D7B43}.Debug|Any CPU.ActiveCfg = Debug|Any CPU
		{23144EEA-FF92-4E24-8FCC-9409D08D7B43}.Debug|Any CPU.Build.0 = Debug|Any CPU
		{23144EEA-FF92-4E24-8FCC-9409D08D7B43}.Release|Any CPU.ActiveCfg = Release|Any CPU
		{23144EEA-FF92-4E24-8FCC-9409D08D7B43}.Release|Any CPU.Build.0 = Release|Any CPU
		{F6C54528-3C5E-46EE-BCCF-48E272E4E65E}.Debug|Any CPU.ActiveCfg = Debug|Any CPU
		{F6C54528-3C5E-46EE-BCCF-48E272E4E65E}.Debug|Any CPU.Build.0 = Debug|Any CPU
		{F6C54528-3C5E-46EE-BCCF-48E272E4E65E}.Release|Any CPU.ActiveCfg = Release|Any CPU
		{F6C54528-3C5E-46EE-BCCF-48E272E4E65E}.Release|Any CPU.Build.0 = Release|Any CPU
	EndGlobalSection
	GlobalSection(SolutionProperties) = preSolution
		HideSolutionNode = FALSE
	EndGlobalSection
	GlobalSection(ExtensibilityGlobals) = postSolution
		SolutionGuid = {12114130-B049-4B93-9443-40920CEB9D75}
	EndGlobalSection
EndGlobal
